
Microsoft Visual Studio Solution File, Format Version 12.00
# Visual Studio Version 17
VisualStudioVersion = 17.6.33829.357
MinimumVisualStudioVersion = 10.0.40219.1
Project("{FAE04EC0-301F-11D3-BF4B-00C04F79EFBC}") = "InvestCloud", "InvestCloud\InvestCloud.csproj", "{890945F6-B064-43DF-A8C5-C1B0F2E656B2}"
EndProject
Global
	GlobalSection(SolutionConfigurationPlatforms) = preSolution
		Debug|Any CPU = Debug|Any CPU
		Release|Any CPU = Release|Any CPU
	EndGlobalSection
	GlobalSection(ProjectConfigurationPlatforms) = postSolution
		{890945F6-B064-43DF-A8C5-C1B0F2E656B2}.Debug|Any CPU.ActiveCfg = Debug|Any CPU
		{890945F6-B064-43DF-A8C5-C1B0F2E656B2}.Debug|Any CPU.Build.0 = Debug|Any CPU
		{890945F6-B064-43DF-A8C5-C1B0F2E656B2}.Release|Any CPU.ActiveCfg = Release|Any CPU
		{890945F6-B064-43DF-A8C5-C1B0F2E656B2}.Release|Any CPU.Build.0 = Release|Any CPU
	EndGlobalSection
	GlobalSection(SolutionProperties) = preSolution
		HideSolutionNode = FALSE
	EndGlobalSection
	GlobalSection(ExtensibilityGlobals) = postSolution
		SolutionGuid = {C4538EA3-F758-428A-B513-6444431DD662}
	EndGlobalSection
EndGlobal
